
Microsoft Visual Studio Solution File, Format Version 12.00
# Visual Studio 2013
VisualStudioVersion = 12.0.30723.0
MinimumVisualStudioVersion = 10.0.40219.1
Project("{FAE04EC0-301F-11D3-BF4B-00C04F79EFBC}") = "ConsoleApplicationLabo1", "ConsoleApplicationLabo1\ConsoleApplicationLabo1.csproj", "{F6EA6FDA-F11B-41E7-882F-256091818FAF}"
EndProject
Project("{FAE04EC0-301F-11D3-BF4B-00C04F79EFBC}") = "ClassLibrary1", "ClassLibrary1\ClassLibrary1.csproj", "{9E3AFD32-31BE-4910-9332-DFF3F1D653FB}"
EndProject
Project("{FAE04EC0-301F-11D3-BF4B-00C04F79EFBC}") = "UnitTestProject1", "UnitTestProject1\UnitTestProject1.csproj", "{9797A702-BAA9-4BEE-9A91-5848C7C6FAB2}"
EndProject
Global
	GlobalSection(SolutionConfigurationPlatforms) = preSolution
		Debug|Any CPU = Debug|Any CPU
		Release|Any CPU = Release|Any CPU
	EndGlobalSection
	GlobalSection(ProjectConfigurationPlatforms) = postSolution
		{F6EA6FDA-F11B-41E7-882F-256091818FAF}.Debug|Any CPU.ActiveCfg = Debug|Any CPU
		{F6EA6FDA-F11B-41E7-882F-256091818FAF}.Debug|Any CPU.Build.0 = Debug|Any CPU
		{F6EA6FDA-F11B-41E7-882F-256091818FAF}.Release|Any CPU.ActiveCfg = Release|Any CPU
		{F6EA6FDA-F11B-41E7-882F-256091818FAF}.Release|Any CPU.Build.0 = Release|Any CPU
		{9E3AFD32-31BE-4910-9332-DFF3F1D653FB}.Debug|Any CPU.ActiveCfg = Debug|Any CPU
		{9E3AFD32-31BE-4910-9332-DFF3F1D653FB}.Debug|Any CPU.Build.0 = Debug|Any CPU
		{9E3AFD32-31BE-4910-9332-DFF3F1D653FB}.Release|Any CPU.ActiveCfg = Release|Any CPU
		{9E3AFD32-31BE-4910-9332-DFF3F1D653FB}.Release|Any CPU.Build.0 = Release|Any CPU
		{9797A702-BAA9-4BEE-9A91-5848C7C6FAB2}.Debug|Any CPU.ActiveCfg = Debug|Any CPU
		{9797A702-BAA9-4BEE-9A91-5848C7C6FAB2}.Debug|Any CPU.Build.0 = Debug|Any CPU
		{9797A702-BAA9-4BEE-9A91-5848C7C6FAB2}.Release|Any CPU.ActiveCfg = Release|Any CPU
		{9797A702-BAA9-4BEE-9A91-5848C7C6FAB2}.Release|Any CPU.Build.0 = Release|Any CPU
	EndGlobalSection
	GlobalSection(SolutionProperties) = preSolution
		HideSolutionNode = FALSE
	EndGlobalSection
EndGlobal
